
Microsoft Visual Studio Solution File, Format Version 12.00
# Visual Studio 15
VisualStudioVersion = 15.0.27130.2036
MinimumVisualStudioVersion = 10.0.40219.1
Project("{8BC9CEB8-8B4A-11D0-8D11-00A0C91BC942}") = "BubbleTrouble", "BubbleTrouble.vcxproj", "{9AA3FF04-C610-42FF-959C-62F4D86C91DB}"
EndProject
Global
	GlobalSection(SolutionConfigurationPlatforms) = preSolution
		Debug|x64 = Debug|x64
		Release|x64 = Release|x64
	EndGlobalSection
	GlobalSection(ProjectConfigurationPlatforms) = postSolution
		{9AA3FF04-C610-42FF-959C-62F4D86C91DB}.Debug|x64.ActiveCfg = Debug|x64
		{9AA3FF04-C610-42FF-959C-62F4D86C91DB}.Debug|x64.Build.0 = Debug|x64
		{9AA3FF04-C610-42FF-959C-62F4D86C91DB}.Release|x64.ActiveCfg = Release|x64
		{9AA3FF04-C610-42FF-959C-62F4D86C91DB}.Release|x64.Build.0 = Release|x64
	EndGlobalSection
	GlobalSection(SolutionProperties) = preSolution
		HideSolutionNode = FALSE
	EndGlobalSection
	GlobalSection(ExtensibilityGlobals) = postSolution
		SolutionGuid = {DD901FB8-4737-420A-BDD5-1E3FB18CC46F}
	EndGlobalSection
EndGlobal
